
Microsoft Visual Studio Solution File, Format Version 12.00
# Visual Studio Version 17
VisualStudioVersion = 17.5.33516.290
MinimumVisualStudioVersion = 10.0.40219.1
Project("{FAE04EC0-301F-11D3-BF4B-00C04F79EFBC}") = "PlussedStringBuilder", "PlussedStringBuilder\PlussedStringBuilder.csproj", "{1AFB8228-B6B8-4BA8-9044-21B4E060BFAA}"
EndProject
Global
	GlobalSection(SolutionConfigurationPlatforms) = preSolution
		Debug|Any CPU = Debug|Any CPU
		Release|Any CPU = Release|Any CPU
	EndGlobalSection
	GlobalSection(ProjectConfigurationPlatforms) = postSolution
		{1AFB8228-B6B8-4BA8-9044-21B4E060BFAA}.Debug|Any CPU.ActiveCfg = Debug|Any CPU
		{1AFB8228-B6B8-4BA8-9044-21B4E060BFAA}.Debug|Any CPU.Build.0 = Debug|Any CPU
		{1AFB8228-B6B8-4BA8-9044-21B4E060BFAA}.Release|Any CPU.ActiveCfg = Release|Any CPU
		{1AFB8228-B6B8-4BA8-9044-21B4E060BFAA}.Release|Any CPU.Build.0 = Release|Any CPU
	EndGlobalSection
	GlobalSection(SolutionProperties) = preSolution
		HideSolutionNode = FALSE
	EndGlobalSection
	GlobalSection(ExtensibilityGlobals) = postSolution
		SolutionGuid = {3EDE1455-9731-44E2-B1BF-D677E399EA03}
	EndGlobalSection
EndGlobal
